
Microsoft Visual Studio Solution File, Format Version 12.00
# Visual Studio Version 16
VisualStudioVersion = 16.0.32510.428
MinimumVisualStudioVersion = 10.0.40219.1
Project("{FAE04EC0-301F-11D3-BF4B-00C04F79EFBC}") = "test-facebook", "test-facebook\test-facebook.csproj", "{214F4DDD-5D0E-4C2A-A232-E91419FE750E}"
EndProject
Global
	GlobalSection(SolutionConfigurationPlatforms) = preSolution
		Debug|Any CPU = Debug|Any CPU
		Release|Any CPU = Release|Any CPU
	EndGlobalSection
	GlobalSection(ProjectConfigurationPlatforms) = postSolution
		{214F4DDD-5D0E-4C2A-A232-E91419FE750E}.Debug|Any CPU.ActiveCfg = Debug|Any CPU
		{214F4DDD-5D0E-4C2A-A232-E91419FE750E}.Debug|Any CPU.Build.0 = Debug|Any CPU
		{214F4DDD-5D0E-4C2A-A232-E91419FE750E}.Release|Any CPU.ActiveCfg = Release|Any CPU
		{214F4DDD-5D0E-4C2A-A232-E91419FE750E}.Release|Any CPU.Build.0 = Release|Any CPU
	EndGlobalSection
	GlobalSection(SolutionProperties) = preSolution
		HideSolutionNode = FALSE
	EndGlobalSection
	GlobalSection(ExtensibilityGlobals) = postSolution
		SolutionGuid = {C8C206C3-5626-4BCE-8B76-A18A25806B5D}
	EndGlobalSection
EndGlobal
